// !$*UTF8*$!
{
	archiveVersion = 1;
	classes = {
	};
	objectVersion = 77;
	objects = {

/* Begin PBXBuildFile section */
		0C0C1A0CEFA793A5611B80CA /* LocalizationService.swift in Sources */ = {isa = PBXBuildFile; fileRef = CD33F41225242977C6BD7EC8 /* LocalizationService.swift */; };
		11B9279BC4FC1DE31B88B74C /* BuiltInAIService.swift in Sources */ = {isa = PBXBuildFile; fileRef = CF69FD69D301243DBE7C8678 /* BuiltInAIService.swift */; };
		12BAFAFECE0632121BE65FEB /* AppDelegate.swift in Sources */ = {isa = PBXBuildFile; fileRef = 747B28C7C0C96343E37B3B8B /* AppDelegate.swift */; };
		1E56A5DC7230CC5E3FF30F45 /* MockAIService.swift in Sources */ = {isa = PBXBuildFile; fileRef = 6CE648396CC9FAC78FF8E390 /* MockAIService.swift */; };
		24EDB3A59511E09980C93256 /* HistoryView.swift in Sources */ = {isa = PBXBuildFile; fileRef = 257EBFC5162C1827EE871F6F /* HistoryView.swift */; };
		2DB8FC17319A5F3A3135C280 /* SwiftUI.framework in Frameworks */ = {isa = PBXBuildFile; fileRef = 92F2411DD5A11B3623980A06 /* SwiftUI.framework */; };
		2DF6B74634F1A3A50C836579 /* FavoritesView.swift in Sources */ = {isa = PBXBuildFile; fileRef = 9C665A6029597CF0E5D31FBB /* FavoritesView.swift */; };
		32D75C8F35938E903EEC55E5 /* AIService.swift in Sources */ = {isa = PBXBuildFile; fileRef = 41BF868E5BF795E1E40AA090 /* AIService.swift */; };
		3963E1255FDFC878A3CD583E /* SettingsView.swift in Sources */ = {isa = PBXBuildFile; fileRef = 411AEDF9FBFCE830B1A983AA /* SettingsView.swift */; };
		3F6485DD901E17D9524C61C4 /* HistoryViewModel.swift in Sources */ = {isa = PBXBuildFile; fileRef = E5EC8DC1DFE11CCB7E4BEDF4 /* HistoryViewModel.swift */; };
		460777E70C57773222F9F2F6 /* SceneTemplate.swift in Sources */ = {isa = PBXBuildFile; fileRef = 4DB225827CE8660EBF238C44 /* SceneTemplate.swift */; };
		4996CBA6385883D5DEECB9D8 /* EditableTitle.swift in Sources */ = {isa = PBXBuildFile; fileRef = 6A61C26D39962BCE94FCDC19 /* EditableTitle.swift */; };
		49C175BB7DB8E571BE6168DB /* PromptCraftApp.swift in Sources */ = {isa = PBXBuildFile; fileRef = E85203CC74D58DE3CB746A99 /* PromptCraftApp.swift */; };
		4ABB48BACB6BCB9FE3752B90 /* KeychainService.swift in Sources */ = {isa = PBXBuildFile; fileRef = 11F377AC9569EDD545DE97D5 /* KeychainService.swift */; };
		5527B6DF82DB217309D69B0B /* LibraryView.swift in Sources */ = {isa = PBXBuildFile; fileRef = 9BDA4D4FB31586A45A338304 /* LibraryView.swift */; };
		5A0BA40C553CDA772FFD5277 /* DesignSystem.swift in Sources */ = {isa = PBXBuildFile; fileRef = 9B7993CBD1B2330FA057C3C7 /* DesignSystem.swift */; };
		6769CD9F344B48320F02875D /* ClipboardService.swift in Sources */ = {isa = PBXBuildFile; fileRef = 6C527825C105C0DC9EE771D7 /* ClipboardService.swift */; };
		6972382570D74333211B8891 /* TagsCategoriesView.swift in Sources */ = {isa = PBXBuildFile; fileRef = F7410B67DFB6E701789F01AD /* TagsCategoriesView.swift */; };
		69852561B34A5C8CCCFF0028 /* TemplateGeneratorView.swift in Sources */ = {isa = PBXBuildFile; fileRef = 6644D701054ED1B4EA81643B /* TemplateGeneratorView.swift */; };
		6990CEE9BAD9921C4B3455B5 /* ToastView.swift in Sources */ = {isa = PBXBuildFile; fileRef = 353B39421BDA187CA59444D4 /* ToastView.swift */; };
		71DC0FD4D9A3F66A269A3DAF /* AppState.swift in Sources */ = {isa = PBXBuildFile; fileRef = 0725995E0CC876345F9D2869 /* AppState.swift */; };
		75E299C3AF9DB4A7D6803FA2 /* TemplateService.swift in Sources */ = {isa = PBXBuildFile; fileRef = EBE2F16A06750F0BF8A33AB0 /* TemplateService.swift */; };
		7B4A1EEF2A621B144F6C7A7B /* StoreKitService.swift in Sources */ = {isa = PBXBuildFile; fileRef = 525B93099BE1FFE9EACF0B1A /* StoreKitService.swift */; };
		7BF37F86525E159116B6F365 /* TagsCategoriesViewModel.swift in Sources */ = {isa = PBXBuildFile; fileRef = A9B36632D0B966D9ADA520CB /* TagsCategoriesViewModel.swift */; };
		98263941707589701E306271 /* StorageService.swift in Sources */ = {isa = PBXBuildFile; fileRef = 33B60C78B584A9FD8D365226 /* StorageService.swift */; };
		A2E9B0AB2BEF22A99F3DDE3B /* RecentPromptsView.swift in Sources */ = {isa = PBXBuildFile; fileRef = 38C47EB2C5B08CBCB9B267D3 /* RecentPromptsView.swift */; };
		A6DB3A71B8464543291E56B8 /* SettingsViewModel.swift in Sources */ = {isa = PBXBuildFile; fileRef = F2549EA659844DBBBBFFCB57 /* SettingsViewModel.swift */; };
		AA9A56D917FE6BB06E4A6B74 /* PaywallView.swift in Sources */ = {isa = PBXBuildFile; fileRef = 693A4C4CA5D9326A5EFAB957 /* PaywallView.swift */; };
		AFBE205FE36CC82E891D9ABF /* BuiltInTemplates.swift in Sources */ = {isa = PBXBuildFile; fileRef = 556D944AE8ECBD9963EC5635 /* BuiltInTemplates.swift */; };
		B15B5F708C545DAF24EE1FE3 /* Localizable.strings in Resources */ = {isa = PBXBuildFile; fileRef = 7A4A2503378F5EFC42778A94 /* Localizable.strings */; };
		BB0A8C175ED2D8FC971B5D66 /* KeyCombo.swift in Sources */ = {isa = PBXBuildFile; fileRef = CD99EAC1D911A305DE0EA476 /* KeyCombo.swift */; };
		C77E1B9060DFF11147C4316E /* SwiftData.framework in Frameworks */ = {isa = PBXBuildFile; fileRef = FACE38AA2D9EB86452C0C67C /* SwiftData.framework */; };
		CF99DB7F0658BD1E56CB3793 /* LibraryViewModel.swift in Sources */ = {isa = PBXBuildFile; fileRef = 44C6C1ECFF0213C94001ADD8 /* LibraryViewModel.swift */; };
		D2FE836581452CA8B94EF489 /* Prompt.swift in Sources */ = {isa = PBXBuildFile; fileRef = B7F199CD08EAB438B5B68E92 /* Prompt.swift */; };
		D50C7E39BA28A8BB098BEBE5 /* HotkeyService.swift in Sources */ = {isa = PBXBuildFile; fileRef = CC383D690C8F61AA19691BD4 /* HotkeyService.swift */; };
		DD83173F543806BF8672813C /* FavoritesViewModel.swift in Sources */ = {isa = PBXBuildFile; fileRef = 52EFEB00D69822B2D2C7C021 /* FavoritesViewModel.swift */; };
		DDB03307582C59AF2E1E19CC /* StatusBarController.swift in Sources */ = {isa = PBXBuildFile; fileRef = 12010E140D8E41187D5C8129 /* StatusBarController.swift */; };
		DE3FCBE4CECD0BA38CB4D8D5 /* MenuBarPopover.swift in Sources */ = {isa = PBXBuildFile; fileRef = 00D810F3B851E38588435EDA /* MenuBarPopover.swift */; };
		E2EC1E377602E74BDB87BF95 /* SceneLibraryView.swift in Sources */ = {isa = PBXBuildFile; fileRef = 5F2D55E7631C1C635176BBED /* SceneLibraryView.swift */; };
		E5130B2B1CB649B085052714 /* HotKey in Frameworks */ = {isa = PBXBuildFile; productRef = 9A6E684A693F721EF3F91279 /* HotKey */; };
		ECA2C7EF51C6CC6AC686533A /* QuickOptimizeView.swift in Sources */ = {isa = PBXBuildFile; fileRef = E4DF8C4C8B4F02620462A7D8 /* QuickOptimizeView.swift */; };
		ED7C0D094AF8D087A528A207 /* OptimizeView.swift in Sources */ = {isa = PBXBuildFile; fileRef = 6975ADFA40FD7C86B7A3B878 /* OptimizeView.swift */; };
		F0AE750F0A26320179DFD2C4 /* Assets.xcassets in Resources */ = {isa = PBXBuildFile; fileRef = E0F21AAD0FD443583CFEDC9E /* Assets.xcassets */; };
		F5D4594648B3C6644263CA6A /* OptimizeViewModel.swift in Sources */ = {isa = PBXBuildFile; fileRef = 5A669E09A10EC3B805A75EA5 /* OptimizeViewModel.swift */; };
		FD99383C090407BF9604AFB8 /* SubscriptionService.swift in Sources */ = {isa = PBXBuildFile; fileRef = CDBB95EBDA807821B1C621F1 /* SubscriptionService.swift */; };
		FF15144D67A76A044EDE880F /* KeyboardShortcuts in Frameworks */ = {isa = PBXBuildFile; productRef = DD98A449CFF30B3849191CB6 /* KeyboardShortcuts */; };
/* End PBXBuildFile section */

/* Begin PBXFileReference section */
		00D810F3B851E38588435EDA /* MenuBarPopover.swift */ = {isa = PBXFileReference; lastKnownFileType = sourcecode.swift; path = MenuBarPopover.swift; sourceTree = "<group>"; };
		0725995E0CC876345F9D2869 /* AppState.swift */ = {isa = PBXFileReference; lastKnownFileType = sourcecode.swift; path = AppState.swift; sourceTree = "<group>"; };
		11F377AC9569EDD545DE97D5 /* KeychainService.swift */ = {isa = PBXFileReference; lastKnownFileType = sourcecode.swift; path = KeychainService.swift; sourceTree = "<group>"; };
		12010E140D8E41187D5C8129 /* StatusBarController.swift */ = {isa = PBXFileReference; lastKnownFileType = sourcecode.swift; path = StatusBarController.swift; sourceTree = "<group>"; };
		257EBFC5162C1827EE871F6F /* HistoryView.swift */ = {isa = PBXFileReference; lastKnownFileType = sourcecode.swift; path = HistoryView.swift; sourceTree = "<group>"; };
		33B60C78B584A9FD8D365226 /* StorageService.swift */ = {isa = PBXFileReference; lastKnownFileType = sourcecode.swift; path = StorageService.swift; sourceTree = "<group>"; };
		353B39421BDA187CA59444D4 /* ToastView.swift */ = {isa = PBXFileReference; lastKnownFileType = sourcecode.swift; path = ToastView.swift; sourceTree = "<group>"; };
		38C47EB2C5B08CBCB9B267D3 /* RecentPromptsView.swift */ = {isa = PBXFileReference; lastKnownFileType = sourcecode.swift; path = RecentPromptsView.swift; sourceTree = "<group>"; };
		411AEDF9FBFCE830B1A983AA /* SettingsView.swift */ = {isa = PBXFileReference; lastKnownFileType = sourcecode.swift; path = SettingsView.swift; sourceTree = "<group>"; };
		41BF868E5BF795E1E40AA090 /* AIService.swift */ = {isa = PBXFileReference; lastKnownFileType = sourcecode.swift; path = AIService.swift; sourceTree = "<group>"; };
		44C6C1ECFF0213C94001ADD8 /* LibraryViewModel.swift */ = {isa = PBXFileReference; lastKnownFileType = sourcecode.swift; path = LibraryViewModel.swift; sourceTree = "<group>"; };
		4DB225827CE8660EBF238C44 /* SceneTemplate.swift */ = {isa = PBXFileReference; lastKnownFileType = sourcecode.swift; path = SceneTemplate.swift; sourceTree = "<group>"; };
		525B93099BE1FFE9EACF0B1A /* StoreKitService.swift */ = {isa = PBXFileReference; lastKnownFileType = sourcecode.swift; path = StoreKitService.swift; sourceTree = "<group>"; };
		52EFEB00D69822B2D2C7C021 /* FavoritesViewModel.swift */ = {isa = PBXFileReference; lastKnownFileType = sourcecode.swift; path = FavoritesViewModel.swift; sourceTree = "<group>"; };
		556D944AE8ECBD9963EC5635 /* BuiltInTemplates.swift */ = {isa = PBXFileReference; lastKnownFileType = sourcecode.swift; path = BuiltInTemplates.swift; sourceTree = "<group>"; };
		5A669E09A10EC3B805A75EA5 /* OptimizeViewModel.swift */ = {isa = PBXFileReference; lastKnownFileType = sourcecode.swift; path = OptimizeViewModel.swift; sourceTree = "<group>"; };
		5F2D55E7631C1C635176BBED /* SceneLibraryView.swift */ = {isa = PBXFileReference; lastKnownFileType = sourcecode.swift; path = SceneLibraryView.swift; sourceTree = "<group>"; };
		6644D701054ED1B4EA81643B /* TemplateGeneratorView.swift */ = {isa = PBXFileReference; lastKnownFileType = sourcecode.swift; path = TemplateGeneratorView.swift; sourceTree = "<group>"; };
		693A4C4CA5D9326A5EFAB957 /* PaywallView.swift */ = {isa = PBXFileReference; lastKnownFileType = sourcecode.swift; path = PaywallView.swift; sourceTree = "<group>"; };
		6975ADFA40FD7C86B7A3B878 /* OptimizeView.swift */ = {isa = PBXFileReference; lastKnownFileType = sourcecode.swift; path = OptimizeView.swift; sourceTree = "<group>"; };
		6A61C26D39962BCE94FCDC19 /* EditableTitle.swift */ = {isa = PBXFileReference; lastKnownFileType = sourcecode.swift; path = EditableTitle.swift; sourceTree = "<group>"; };
		6C527825C105C0DC9EE771D7 /* ClipboardService.swift */ = {isa = PBXFileReference; lastKnownFileType = sourcecode.swift; path = ClipboardService.swift; sourceTree = "<group>"; };
		6CE648396CC9FAC78FF8E390 /* MockAIService.swift */ = {isa = PBXFileReference; lastKnownFileType = sourcecode.swift; path = MockAIService.swift; sourceTree = "<group>"; };
		747B28C7C0C96343E37B3B8B /* AppDelegate.swift */ = {isa = PBXFileReference; lastKnownFileType = sourcecode.swift; path = AppDelegate.swift; sourceTree = "<group>"; };
		7EA238137C36801BED48184B /* zh-Hans */ = {isa = PBXFileReference; lastKnownFileType = text.plist.strings; name = "zh-Hans"; path = "zh-Hans.lproj/Localizable.strings"; sourceTree = "<group>"; };
		8C6A5BB33F7875FF1092B4D9 /* en */ = {isa = PBXFileReference; lastKnownFileType = text.plist.strings; name = en; path = en.lproj/Localizable.strings; sourceTree = "<group>"; };
		92F2411DD5A11B3623980A06 /* SwiftUI.framework */ = {isa = PBXFileReference; lastKnownFileType = wrapper.framework; name = SwiftUI.framework; path = System/Library/Frameworks/SwiftUI.framework; sourceTree = SDKROOT; };
		9B7993CBD1B2330FA057C3C7 /* DesignSystem.swift */ = {isa = PBXFileReference; lastKnownFileType = sourcecode.swift; path = DesignSystem.swift; sourceTree = "<group>"; };
		9BDA4D4FB31586A45A338304 /* LibraryView.swift */ = {isa = PBXFileReference; lastKnownFileType = sourcecode.swift; path = LibraryView.swift; sourceTree = "<group>"; };
		9C665A6029597CF0E5D31FBB /* FavoritesView.swift */ = {isa = PBXFileReference; lastKnownFileType = sourcecode.swift; path = FavoritesView.swift; sourceTree = "<group>"; };
		A9B36632D0B966D9ADA520CB /* TagsCategoriesViewModel.swift */ = {isa = PBXFileReference; lastKnownFileType = sourcecode.swift; path = TagsCategoriesViewModel.swift; sourceTree = "<group>"; };
		B32B85DC43E000A246E930B5 /* PromptCraft.entitlements */ = {isa = PBXFileReference; lastKnownFileType = text.plist.entitlements; path = PromptCraft.entitlements; sourceTree = "<group>"; };
		B7F199CD08EAB438B5B68E92 /* Prompt.swift */ = {isa = PBXFileReference; lastKnownFileType = sourcecode.swift; path = Prompt.swift; sourceTree = "<group>"; };
		CC383D690C8F61AA19691BD4 /* HotkeyService.swift */ = {isa = PBXFileReference; lastKnownFileType = sourcecode.swift; path = HotkeyService.swift; sourceTree = "<group>"; };
		CD33F41225242977C6BD7EC8 /* LocalizationService.swift */ = {isa = PBXFileReference; lastKnownFileType = sourcecode.swift; path = LocalizationService.swift; sourceTree = "<group>"; };
		CD99EAC1D911A305DE0EA476 /* KeyCombo.swift */ = {isa = PBXFileReference; lastKnownFileType = sourcecode.swift; path = KeyCombo.swift; sourceTree = "<group>"; };
		CDBB95EBDA807821B1C621F1 /* SubscriptionService.swift */ = {isa = PBXFileReference; lastKnownFileType = sourcecode.swift; path = SubscriptionService.swift; sourceTree = "<group>"; };
		CF69FD69D301243DBE7C8678 /* BuiltInAIService.swift */ = {isa = PBXFileReference; lastKnownFileType = sourcecode.swift; path = BuiltInAIService.swift; sourceTree = "<group>"; };
		D45894570334F2461E54259D /* PromptCraft.app */ = {isa = PBXFileReference; explicitFileType = wrapper.application; includeInIndex = 0; path = PromptCraft.app; sourceTree = BUILT_PRODUCTS_DIR; };
		E0F21AAD0FD443583CFEDC9E /* Assets.xcassets */ = {isa = PBXFileReference; lastKnownFileType = folder.assetcatalog; path = Assets.xcassets; sourceTree = "<group>"; };
		E4DF8C4C8B4F02620462A7D8 /* QuickOptimizeView.swift */ = {isa = PBXFileReference; lastKnownFileType = sourcecode.swift; path = QuickOptimizeView.swift; sourceTree = "<group>"; };
		E5EC8DC1DFE11CCB7E4BEDF4 /* HistoryViewModel.swift */ = {isa = PBXFileReference; lastKnownFileType = sourcecode.swift; path = HistoryViewModel.swift; sourceTree = "<group>"; };
		E85203CC74D58DE3CB746A99 /* PromptCraftApp.swift */ = {isa = PBXFileReference; lastKnownFileType = sourcecode.swift; path = PromptCraftApp.swift; sourceTree = "<group>"; };
		EBE2F16A06750F0BF8A33AB0 /* TemplateService.swift */ = {isa = PBXFileReference; lastKnownFileType = sourcecode.swift; path = TemplateService.swift; sourceTree = "<group>"; };
		F2549EA659844DBBBBFFCB57 /* SettingsViewModel.swift */ = {isa = PBXFileReference; lastKnownFileType = sourcecode.swift; path = SettingsViewModel.swift; sourceTree = "<group>"; };
		F7410B67DFB6E701789F01AD /* TagsCategoriesView.swift */ = {isa = PBXFileReference; lastKnownFileType = sourcecode.swift; path = TagsCategoriesView.swift; sourceTree = "<group>"; };
		FACE38AA2D9EB86452C0C67C /* SwiftData.framework */ = {isa = PBXFileReference; lastKnownFileType = wrapper.framework; name = SwiftData.framework; path = System/Library/Frameworks/SwiftData.framework; sourceTree = SDKROOT; };
/* End PBXFileReference section */

/* Begin PBXFrameworksBuildPhase section */
		D4A4FFB524FBA65C3E09E761 /* Frameworks */ = {
			isa = PBXFrameworksBuildPhase;
			buildActionMask = 2147483647;
			files = (
				E5130B2B1CB649B085052714 /* HotKey in Frameworks */,
				FF15144D67A76A044EDE880F /* KeyboardShortcuts in Frameworks */,
				2DB8FC17319A5F3A3135C280 /* SwiftUI.framework in Frameworks */,
				C77E1B9060DFF11147C4316E /* SwiftData.framework in Frameworks */,
			);
			runOnlyForDeploymentPostprocessing = 0;
		};
/* End PBXFrameworksBuildPhase section */

/* Begin PBXGroup section */
		111CFBE2A4985A260638F341 /* Settings */ = {
			isa = PBXGroup;
			children = (
				411AEDF9FBFCE830B1A983AA /* SettingsView.swift */,
				F2549EA659844DBBBBFFCB57 /* SettingsViewModel.swift */,
			);
			path = Settings;
			sourceTree = "<group>";
		};
		11A6D81178F26BADA020B2B3 /* Resources */ = {
			isa = PBXGroup;
			children = (
				E0F21AAD0FD443583CFEDC9E /* Assets.xcassets */,
				7A4A2503378F5EFC42778A94 /* Localizable.strings */,
			);
			path = Resources;
			sourceTree = "<group>";
		};
		130D7BDB36E114D24F61AA66 /* App */ = {
			isa = PBXGroup;
			children = (
				747B28C7C0C96343E37B3B8B /* AppDelegate.swift */,
				0725995E0CC876345F9D2869 /* AppState.swift */,
				E85203CC74D58DE3CB746A99 /* PromptCraftApp.swift */,
			);
			path = App;
			sourceTree = "<group>";
		};
		1582BF5991486AD187B5CB7E /* Data */ = {
			isa = PBXGroup;
			children = (
				556D944AE8ECBD9963EC5635 /* BuiltInTemplates.swift */,
			);
			path = Data;
			sourceTree = "<group>";
		};
		1DB7E26DD91D0704319B0E64 /* Styles */ = {
			isa = PBXGroup;
			children = (
				9B7993CBD1B2330FA057C3C7 /* DesignSystem.swift */,
			);
			path = Styles;
			sourceTree = "<group>";
		};
		24DCE2A4C268BE538C9825E3 /* Services */ = {
			isa = PBXGroup;
			children = (
				41BF868E5BF795E1E40AA090 /* AIService.swift */,
				CF69FD69D301243DBE7C8678 /* BuiltInAIService.swift */,
				6C527825C105C0DC9EE771D7 /* ClipboardService.swift */,
				CC383D690C8F61AA19691BD4 /* HotkeyService.swift */,
				11F377AC9569EDD545DE97D5 /* KeychainService.swift */,
				CD33F41225242977C6BD7EC8 /* LocalizationService.swift */,
				6CE648396CC9FAC78FF8E390 /* MockAIService.swift */,
				33B60C78B584A9FD8D365226 /* StorageService.swift */,
				525B93099BE1FFE9EACF0B1A /* StoreKitService.swift */,
				CDBB95EBDA807821B1C621F1 /* SubscriptionService.swift */,
				EBE2F16A06750F0BF8A33AB0 /* TemplateService.swift */,
			);
			path = Services;
			sourceTree = "<group>";
		};
		268F94617B750398A7508351 /* Products */ = {
			isa = PBXGroup;
			children = (
				D45894570334F2461E54259D /* PromptCraft.app */,
			);
			name = Products;
			sourceTree = "<group>";
		};
		3774520A371D1EEC0A483828 /* Core */ = {
			isa = PBXGroup;
			children = (
				1582BF5991486AD187B5CB7E /* Data */,
				6DCB3A09CD9DADBB6A6941E9 /* Models */,
				24DCE2A4C268BE538C9825E3 /* Services */,
			);
			path = Core;
			sourceTree = "<group>";
		};
		39209BC6EF064FBB488E2599 /* Tags */ = {
			isa = PBXGroup;
			children = (
				F7410B67DFB6E701789F01AD /* TagsCategoriesView.swift */,
				A9B36632D0B966D9ADA520CB /* TagsCategoriesViewModel.swift */,
			);
			path = Tags;
			sourceTree = "<group>";
		};
		42AF50160357D273069B9CE3 /* Subscription */ = {
			isa = PBXGroup;
			children = (
				693A4C4CA5D9326A5EFAB957 /* PaywallView.swift */,
			);
			path = Subscription;
			sourceTree = "<group>";
		};
		4905FA12B06CFAB56F70D5B3 /* Shared */ = {
			isa = PBXGroup;
			children = (
				592403E924EDC349E6480107 /* Components */,
				1DB7E26DD91D0704319B0E64 /* Styles */,
			);
			path = Shared;
			sourceTree = "<group>";
		};
		592403E924EDC349E6480107 /* Components */ = {
			isa = PBXGroup;
			children = (
				6A61C26D39962BCE94FCDC19 /* EditableTitle.swift */,
				353B39421BDA187CA59444D4 /* ToastView.swift */,
			);
			path = Components;
			sourceTree = "<group>";
		};
		6DCB3A09CD9DADBB6A6941E9 /* Models */ = {
			isa = PBXGroup;
			children = (
				CD99EAC1D911A305DE0EA476 /* KeyCombo.swift */,
				B7F199CD08EAB438B5B68E92 /* Prompt.swift */,
				4DB225827CE8660EBF238C44 /* SceneTemplate.swift */,
			);
			path = Models;
			sourceTree = "<group>";
		};
		74CFCFB19D509B71EFD3856F /* Favorites */ = {
			isa = PBXGroup;
			children = (
				9C665A6029597CF0E5D31FBB /* FavoritesView.swift */,
				52EFEB00D69822B2D2C7C021 /* FavoritesViewModel.swift */,
			);
			path = Favorites;
			sourceTree = "<group>";
		};
		7BBD2BD7F81E6C9C6095F478 /* Library */ = {
			isa = PBXGroup;
			children = (
				9BDA4D4FB31586A45A338304 /* LibraryView.swift */,
				44C6C1ECFF0213C94001ADD8 /* LibraryViewModel.swift */,
			);
			path = Library;
			sourceTree = "<group>";
		};
		7D4A3908DDD9EB8C52290118 = {
			isa = PBXGroup;
			children = (
				A474ACF970C3B73F6765F2D0 /* PromptCraft */,
				893573AA6462EB54C8D16714 /* Frameworks */,
				268F94617B750398A7508351 /* Products */,
			);
			sourceTree = "<group>";
		};
		88F0CFB4151E75EBFE735A1C /* SceneLibrary */ = {
			isa = PBXGroup;
			children = (
				5F2D55E7631C1C635176BBED /* SceneLibraryView.swift */,
				6644D701054ED1B4EA81643B /* TemplateGeneratorView.swift */,
			);
			path = SceneLibrary;
			sourceTree = "<group>";
		};
		893573AA6462EB54C8D16714 /* Frameworks */ = {
			isa = PBXGroup;
			children = (
				FACE38AA2D9EB86452C0C67C /* SwiftData.framework */,
				92F2411DD5A11B3623980A06 /* SwiftUI.framework */,
			);
			name = Frameworks;
			sourceTree = "<group>";
		};
		9EB4F887F0B492700A3198C1 /* History */ = {
			isa = PBXGroup;
			children = (
				257EBFC5162C1827EE871F6F /* HistoryView.swift */,
				E5EC8DC1DFE11CCB7E4BEDF4 /* HistoryViewModel.swift */,
			);
			path = History;
			sourceTree = "<group>";
		};
		A474ACF970C3B73F6765F2D0 /* PromptCraft */ = {
			isa = PBXGroup;
			children = (
				130D7BDB36E114D24F61AA66 /* App */,
				3774520A371D1EEC0A483828 /* Core */,
				CFFCBF5474C4AD863016C39B /* Features */,
				11A6D81178F26BADA020B2B3 /* Resources */,
				4905FA12B06CFAB56F70D5B3 /* Shared */,
				B32B85DC43E000A246E930B5 /* PromptCraft.entitlements */,
			);
			path = PromptCraft;
			sourceTree = "<group>";
		};
		BD18DB27960B6433368CC652 /* MenuBar */ = {
			isa = PBXGroup;
			children = (
				00D810F3B851E38588435EDA /* MenuBarPopover.swift */,
				E4DF8C4C8B4F02620462A7D8 /* QuickOptimizeView.swift */,
				38C47EB2C5B08CBCB9B267D3 /* RecentPromptsView.swift */,
				12010E140D8E41187D5C8129 /* StatusBarController.swift */,
			);
			path = MenuBar;
			sourceTree = "<group>";
		};
		CFFCBF5474C4AD863016C39B /* Features */ = {
			isa = PBXGroup;
			children = (
				74CFCFB19D509B71EFD3856F /* Favorites */,
				9EB4F887F0B492700A3198C1 /* History */,
				7BBD2BD7F81E6C9C6095F478 /* Library */,
				BD18DB27960B6433368CC652 /* MenuBar */,
				E6F54A98D982CCB483C707B9 /* Optimize */,
				88F0CFB4151E75EBFE735A1C /* SceneLibrary */,
				111CFBE2A4985A260638F341 /* Settings */,
				42AF50160357D273069B9CE3 /* Subscription */,
				39209BC6EF064FBB488E2599 /* Tags */,
			);
			path = Features;
			sourceTree = "<group>";
		};
		E6F54A98D982CCB483C707B9 /* Optimize */ = {
			isa = PBXGroup;
			children = (
				6975ADFA40FD7C86B7A3B878 /* OptimizeView.swift */,
				5A669E09A10EC3B805A75EA5 /* OptimizeViewModel.swift */,
			);
			path = Optimize;
			sourceTree = "<group>";
		};
/* End PBXGroup section */

/* Begin PBXNativeTarget section */
		D6D0DC2A57E9377AC9FCCB7A /* PromptCraft */ = {
			isa = PBXNativeTarget;
			buildConfigurationList = C5952A3B5080E78908F85268 /* Build configuration list for PBXNativeTarget "PromptCraft" */;
			buildPhases = (
				2BF4C800CA1156F4678FF2D0 /* Sources */,
				F6710FA15ECF79A0BA3C1AF7 /* Resources */,
				D4A4FFB524FBA65C3E09E761 /* Frameworks */,
			);
			buildRules = (
			);
			dependencies = (
			);
			name = PromptCraft;
			packageProductDependencies = (
				9A6E684A693F721EF3F91279 /* HotKey */,
				DD98A449CFF30B3849191CB6 /* KeyboardShortcuts */,
			);
			productName = PromptCraft;
			productReference = D45894570334F2461E54259D /* PromptCraft.app */;
			productType = "com.apple.product-type.application";
		};
/* End PBXNativeTarget section */

/* Begin PBXProject section */
		8349B2210BF8304EB656D87F /* Project object */ = {
			isa = PBXProject;
			attributes = {
				BuildIndependentTargetsInParallel = YES;
				LastUpgradeCheck = 1430;
				TargetAttributes = {
					D6D0DC2A57E9377AC9FCCB7A = {
						DevelopmentTeam = "";
						ProvisioningStyle = Automatic;
					};
				};
			};
			buildConfigurationList = 45AF006910D7442BE5754C86 /* Build configuration list for PBXProject "PromptCraft" */;
			compatibilityVersion = "Xcode 14.0";
			developmentRegion = en;
			hasScannedForEncodings = 0;
			knownRegions = (
				Base,
				en,
				"zh-Hans",
			);
			mainGroup = 7D4A3908DDD9EB8C52290118;
			minimizedProjectReferenceProxies = 1;
			packageReferences = (
				94D614B2D7E9E34D1E2B1EB1 /* XCRemoteSwiftPackageReference "HotKey" */,
				EB99F6BF207D4DDC9800C0DC /* XCRemoteSwiftPackageReference "KeyboardShortcuts" */,
			);
			preferredProjectObjectVersion = 77;
			projectDirPath = "";
			projectRoot = "";
			targets = (
				D6D0DC2A57E9377AC9FCCB7A /* PromptCraft */,
			);
		};
/* End PBXProject section */

/* Begin PBXResourcesBuildPhase section */
		F6710FA15ECF79A0BA3C1AF7 /* Resources */ = {
			isa = PBXResourcesBuildPhase;
			buildActionMask = 2147483647;
			files = (
				F0AE750F0A26320179DFD2C4 /* Assets.xcassets in Resources */,
				B15B5F708C545DAF24EE1FE3 /* Localizable.strings in Resources */,
			);
			runOnlyForDeploymentPostprocessing = 0;
		};
/* End PBXResourcesBuildPhase section */

/* Begin PBXSourcesBuildPhase section */
		2BF4C800CA1156F4678FF2D0 /* Sources */ = {
			isa = PBXSourcesBuildPhase;
			buildActionMask = 2147483647;
			files = (
				32D75C8F35938E903EEC55E5 /* AIService.swift in Sources */,
				12BAFAFECE0632121BE65FEB /* AppDelegate.swift in Sources */,
				71DC0FD4D9A3F66A269A3DAF /* AppState.swift in Sources */,
				11B9279BC4FC1DE31B88B74C /* BuiltInAIService.swift in Sources */,
				AFBE205FE36CC82E891D9ABF /* BuiltInTemplates.swift in Sources */,
				6769CD9F344B48320F02875D /* ClipboardService.swift in Sources */,
				5A0BA40C553CDA772FFD5277 /* DesignSystem.swift in Sources */,
				4996CBA6385883D5DEECB9D8 /* EditableTitle.swift in Sources */,
				2DF6B74634F1A3A50C836579 /* FavoritesView.swift in Sources */,
				DD83173F543806BF8672813C /* FavoritesViewModel.swift in Sources */,
				24EDB3A59511E09980C93256 /* HistoryView.swift in Sources */,
				3F6485DD901E17D9524C61C4 /* HistoryViewModel.swift in Sources */,
				D50C7E39BA28A8BB098BEBE5 /* HotkeyService.swift in Sources */,
				BB0A8C175ED2D8FC971B5D66 /* KeyCombo.swift in Sources */,
				4ABB48BACB6BCB9FE3752B90 /* KeychainService.swift in Sources */,
				5527B6DF82DB217309D69B0B /* LibraryView.swift in Sources */,
				CF99DB7F0658BD1E56CB3793 /* LibraryViewModel.swift in Sources */,
				0C0C1A0CEFA793A5611B80CA /* LocalizationService.swift in Sources */,
				DE3FCBE4CECD0BA38CB4D8D5 /* MenuBarPopover.swift in Sources */,
				1E56A5DC7230CC5E3FF30F45 /* MockAIService.swift in Sources */,
				ED7C0D094AF8D087A528A207 /* OptimizeView.swift in Sources */,
				F5D4594648B3C6644263CA6A /* OptimizeViewModel.swift in Sources */,
				AA9A56D917FE6BB06E4A6B74 /* PaywallView.swift in Sources */,
				D2FE836581452CA8B94EF489 /* Prompt.swift in Sources */,
				49C175BB7DB8E571BE6168DB /* PromptCraftApp.swift in Sources */,
				ECA2C7EF51C6CC6AC686533A /* QuickOptimizeView.swift in Sources */,
				A2E9B0AB2BEF22A99F3DDE3B /* RecentPromptsView.swift in Sources */,
				E2EC1E377602E74BDB87BF95 /* SceneLibraryView.swift in Sources */,
				460777E70C57773222F9F2F6 /* SceneTemplate.swift in Sources */,
				3963E1255FDFC878A3CD583E /* SettingsView.swift in Sources */,
				A6DB3A71B8464543291E56B8 /* SettingsViewModel.swift in Sources */,
				DDB03307582C59AF2E1E19CC /* StatusBarController.swift in Sources */,
				98263941707589701E306271 /* StorageService.swift in Sources */,
				7B4A1EEF2A621B144F6C7A7B /* StoreKitService.swift in Sources */,
				FD99383C090407BF9604AFB8 /* SubscriptionService.swift in Sources */,
				6972382570D74333211B8891 /* TagsCategoriesView.swift in Sources */,
				7BF37F86525E159116B6F365 /* TagsCategoriesViewModel.swift in Sources */,
				69852561B34A5C8CCCFF0028 /* TemplateGeneratorView.swift in Sources */,
				75E299C3AF9DB4A7D6803FA2 /* TemplateService.swift in Sources */,
				6990CEE9BAD9921C4B3455B5 /* ToastView.swift in Sources */,
			);
			runOnlyForDeploymentPostprocessing = 0;
		};
/* End PBXSourcesBuildPhase section */

/* Begin PBXVariantGroup section */
		7A4A2503378F5EFC42778A94 /* Localizable.strings */ = {
			isa = PBXVariantGroup;
			children = (
				8C6A5BB33F7875FF1092B4D9 /* en */,
				7EA238137C36801BED48184B /* zh-Hans */,
			);
			name = Localizable.strings;
			sourceTree = "<group>";
		};
/* End PBXVariantGroup section */

/* Begin XCBuildConfiguration section */
		0F024DA09C38F5C38CD80B07 /* Debug */ = {
			isa = XCBuildConfiguration;
			buildSettings = {
				ASSETCATALOG_COMPILER_APPICON_NAME = AppIcon;
				CODE_SIGN_ENTITLEMENTS = PromptCraft/PromptCraft.entitlements;
				COMBINE_HIDPI_IMAGES = YES;
				ENABLE_USER_SCRIPT_SANDBOXING = NO;
				INFOPLIST_KEY_NSHumanReadableCopyright = "© 2025 PromptCraft";
				INFOPLIST_KEY_NSPrincipalClass = NSApplication;
				LD_RUNPATH_SEARCH_PATHS = (
					"$(inherited)",
					"@executable_path/../Frameworks",
				);
				MACOSX_DEPLOYMENT_TARGET = 14.0;
				PRODUCT_BUNDLE_IDENTIFIER = com.example.PromptCraft;
				SDKROOT = macosx;
			};
			name = Debug;
		};
		BB676EC4EB9ACFC71B36DA0F /* Debug */ = {
			isa = XCBuildConfiguration;
			buildSettings = {
				ALWAYS_SEARCH_USER_PATHS = NO;
				CLANG_ANALYZER_NONNULL = YES;
				CLANG_ANALYZER_NUMBER_OBJECT_CONVERSION = YES_AGGRESSIVE;
				CLANG_CXX_LANGUAGE_STANDARD = "gnu++14";
				CLANG_CXX_LIBRARY = "libc++";
				CLANG_ENABLE_MODULES = YES;
				CLANG_ENABLE_OBJC_ARC = YES;
				CLANG_ENABLE_OBJC_WEAK = YES;
				CLANG_WARN_BLOCK_CAPTURE_AUTORELEASING = YES;
				CLANG_WARN_BOOL_CONVERSION = YES;
				CLANG_WARN_COMMA = YES;
				CLANG_WARN_CONSTANT_CONVERSION = YES;
				CLANG_WARN_DEPRECATED_OBJC_IMPLEMENTATIONS = YES;
				CLANG_WARN_DIRECT_OBJC_ISA_USAGE = YES_ERROR;
				CLANG_WARN_DOCUMENTATION_COMMENTS = YES;
				CLANG_WARN_EMPTY_BODY = YES;
				CLANG_WARN_ENUM_CONVERSION = YES;
				CLANG_WARN_INFINITE_RECURSION = YES;
				CLANG_WARN_INT_CONVERSION = YES;
				CLANG_WARN_NON_LITERAL_NULL_CONVERSION = YES;
				CLANG_WARN_OBJC_IMPLICIT_RETAIN_SELF = YES;
				CLANG_WARN_OBJC_LITERAL_CONVERSION = YES;
				CLANG_WARN_OBJC_ROOT_CLASS = YES_ERROR;
				CLANG_WARN_QUOTED_INCLUDE_IN_FRAMEWORK_HEADER = YES;
				CLANG_WARN_RANGE_LOOP_ANALYSIS = YES;
				CLANG_WARN_STRICT_PROTOTYPES = YES;
				CLANG_WARN_SUSPICIOUS_MOVE = YES;
				CLANG_WARN_UNGUARDED_AVAILABILITY = YES_AGGRESSIVE;
				CLANG_WARN_UNREACHABLE_CODE = YES;
				CLANG_WARN__DUPLICATE_METHOD_MATCH = YES;
				CODE_SIGN_STYLE = Automatic;
				COPY_PHASE_STRIP = NO;
				CURRENT_PROJECT_VERSION = 1;
				DEBUG_INFORMATION_FORMAT = dwarf;
				DEVELOPMENT_TEAM = "";
				ENABLE_PREVIEWS = YES;
				ENABLE_STRICT_OBJC_MSGSEND = YES;
				ENABLE_TESTABILITY = YES;
				GCC_C_LANGUAGE_STANDARD = gnu11;
				GCC_DYNAMIC_NO_PIC = NO;
				GCC_NO_COMMON_BLOCKS = YES;
				GCC_OPTIMIZATION_LEVEL = 0;
				GCC_PREPROCESSOR_DEFINITIONS = (
					"$(inherited)",
					"DEBUG=1",
				);
				GCC_WARN_64_TO_32_BIT_CONVERSION = YES;
				GCC_WARN_ABOUT_RETURN_TYPE = YES_ERROR;
				GCC_WARN_UNDECLARED_SELECTOR = YES;
				GCC_WARN_UNINITIALIZED_AUTOS = YES_AGGRESSIVE;
				GCC_WARN_UNUSED_FUNCTION = YES;
				GCC_WARN_UNUSED_VARIABLE = YES;
				GENERATE_INFOPLIST_FILE = YES;
				INFOPLIST_KEY_LSUIElement = NO;
				INFOPLIST_KEY_NSHumanReadableCopyright = "Copyright © 2024 PromptCraft. All rights reserved.";
				MACOSX_DEPLOYMENT_TARGET = 14.0;
				MARKETING_VERSION = 1.0.0;
				MTL_ENABLE_DEBUG_INFO = INCLUDE_SOURCE;
				MTL_FAST_MATH = YES;
				ONLY_ACTIVE_ARCH = YES;
				PRODUCT_NAME = PromptCraft;
				SDKROOT = macosx;
				SWIFT_ACTIVE_COMPILATION_CONDITIONS = DEBUG;
				SWIFT_OPTIMIZATION_LEVEL = "-Onone";
				SWIFT_VERSION = 5.9;
			};
			name = Debug;
		};
		C738C2A0E60DCBC1662282E9 /* Release */ = {
			isa = XCBuildConfiguration;
			buildSettings = {
				ASSETCATALOG_COMPILER_APPICON_NAME = AppIcon;
				CODE_SIGN_ENTITLEMENTS = PromptCraft/PromptCraft.entitlements;
				COMBINE_HIDPI_IMAGES = YES;
				ENABLE_USER_SCRIPT_SANDBOXING = NO;
				INFOPLIST_KEY_NSHumanReadableCopyright = "© 2025 PromptCraft";
				INFOPLIST_KEY_NSPrincipalClass = NSApplication;
				LD_RUNPATH_SEARCH_PATHS = (
					"$(inherited)",
					"@executable_path/../Frameworks",
				);
				MACOSX_DEPLOYMENT_TARGET = 14.0;
				PRODUCT_BUNDLE_IDENTIFIER = com.example.PromptCraft;
				SDKROOT = macosx;
			};
			name = Release;
		};
		CCCBA2697D41B68D78A5AB67 /* Release */ = {
			isa = XCBuildConfiguration;
			buildSettings = {
				ALWAYS_SEARCH_USER_PATHS = NO;
				CLANG_ANALYZER_NONNULL = YES;
				CLANG_ANALYZER_NUMBER_OBJECT_CONVERSION = YES_AGGRESSIVE;
				CLANG_CXX_LANGUAGE_STANDARD = "gnu++14";
				CLANG_CXX_LIBRARY = "libc++";
				CLANG_ENABLE_MODULES = YES;
				CLANG_ENABLE_OBJC_ARC = YES;
				CLANG_ENABLE_OBJC_WEAK = YES;
				CLANG_WARN_BLOCK_CAPTURE_AUTORELEASING = YES;
				CLANG_WARN_BOOL_CONVERSION = YES;
				CLANG_WARN_COMMA = YES;
				CLANG_WARN_CONSTANT_CONVERSION = YES;
				CLANG_WARN_DEPRECATED_OBJC_IMPLEMENTATIONS = YES;
				CLANG_WARN_DIRECT_OBJC_ISA_USAGE = YES_ERROR;
				CLANG_WARN_DOCUMENTATION_COMMENTS = YES;
				CLANG_WARN_EMPTY_BODY = YES;
				CLANG_WARN_ENUM_CONVERSION = YES;
				CLANG_WARN_INFINITE_RECURSION = YES;
				CLANG_WARN_INT_CONVERSION = YES;
				CLANG_WARN_NON_LITERAL_NULL_CONVERSION = YES;
				CLANG_WARN_OBJC_IMPLICIT_RETAIN_SELF = YES;
				CLANG_WARN_OBJC_LITERAL_CONVERSION = YES;
				CLANG_WARN_OBJC_ROOT_CLASS = YES_ERROR;
				CLANG_WARN_QUOTED_INCLUDE_IN_FRAMEWORK_HEADER = YES;
				CLANG_WARN_RANGE_LOOP_ANALYSIS = YES;
				CLANG_WARN_STRICT_PROTOTYPES = YES;
				CLANG_WARN_SUSPICIOUS_MOVE = YES;
				CLANG_WARN_UNGUARDED_AVAILABILITY = YES_AGGRESSIVE;
				CLANG_WARN_UNREACHABLE_CODE = YES;
				CLANG_WARN__DUPLICATE_METHOD_MATCH = YES;
				CODE_SIGN_STYLE = Automatic;
				COPY_PHASE_STRIP = NO;
				CURRENT_PROJECT_VERSION = 1;
				DEBUG_INFORMATION_FORMAT = "dwarf-with-dsym";
				DEVELOPMENT_TEAM = "";
				ENABLE_NS_ASSERTIONS = NO;
				ENABLE_PREVIEWS = YES;
				ENABLE_STRICT_OBJC_MSGSEND = YES;
				GCC_C_LANGUAGE_STANDARD = gnu11;
				GCC_NO_COMMON_BLOCKS = YES;
				GCC_WARN_64_TO_32_BIT_CONVERSION = YES;
				GCC_WARN_ABOUT_RETURN_TYPE = YES_ERROR;
				GCC_WARN_UNDECLARED_SELECTOR = YES;
				GCC_WARN_UNINITIALIZED_AUTOS = YES_AGGRESSIVE;
				GCC_WARN_UNUSED_FUNCTION = YES;
				GCC_WARN_UNUSED_VARIABLE = YES;
				GENERATE_INFOPLIST_FILE = YES;
				INFOPLIST_KEY_LSUIElement = NO;
				INFOPLIST_KEY_NSHumanReadableCopyright = "Copyright © 2024 PromptCraft. All rights reserved.";
				MACOSX_DEPLOYMENT_TARGET = 14.0;
				MARKETING_VERSION = 1.0.0;
				MTL_ENABLE_DEBUG_INFO = NO;
				MTL_FAST_MATH = YES;
				PRODUCT_NAME = PromptCraft;
				SDKROOT = macosx;
				SWIFT_COMPILATION_MODE = wholemodule;
				SWIFT_OPTIMIZATION_LEVEL = "-O";
				SWIFT_VERSION = 5.9;
			};
			name = Release;
		};
/* End XCBuildConfiguration section */

/* Begin XCConfigurationList section */
		45AF006910D7442BE5754C86 /* Build configuration list for PBXProject "PromptCraft" */ = {
			isa = XCConfigurationList;
			buildConfigurations = (
				BB676EC4EB9ACFC71B36DA0F /* Debug */,
				CCCBA2697D41B68D78A5AB67 /* Release */,
			);
			defaultConfigurationIsVisible = 0;
			defaultConfigurationName = Debug;
		};
		C5952A3B5080E78908F85268 /* Build configuration list for PBXNativeTarget "PromptCraft" */ = {
			isa = XCConfigurationList;
			buildConfigurations = (
				0F024DA09C38F5C38CD80B07 /* Debug */,
				C738C2A0E60DCBC1662282E9 /* Release */,
			);
			defaultConfigurationIsVisible = 0;
			defaultConfigurationName = Debug;
		};
/* End XCConfigurationList section */

/* Begin XCRemoteSwiftPackageReference section */
		94D614B2D7E9E34D1E2B1EB1 /* XCRemoteSwiftPackageReference "HotKey" */ = {
			isa = XCRemoteSwiftPackageReference;
			repositoryURL = "https://github.com/soffes/HotKey";
			requirement = {
				kind = upToNextMajorVersion;
				minimumVersion = 0.2.0;
			};
		};
		EB99F6BF207D4DDC9800C0DC /* XCRemoteSwiftPackageReference "KeyboardShortcuts" */ = {
			isa = XCRemoteSwiftPackageReference;
			repositoryURL = "https://github.com/sindresorhus/KeyboardShortcuts";
			requirement = {
				kind = upToNextMajorVersion;
				minimumVersion = 2.0.0;
			};
		};
/* End XCRemoteSwiftPackageReference section */

/* Begin XCSwiftPackageProductDependency section */
		9A6E684A693F721EF3F91279 /* HotKey */ = {
			isa = XCSwiftPackageProductDependency;
			package = 94D614B2D7E9E34D1E2B1EB1 /* XCRemoteSwiftPackageReference "HotKey" */;
			productName = HotKey;
		};
		DD98A449CFF30B3849191CB6 /* KeyboardShortcuts */ = {
			isa = XCSwiftPackageProductDependency;
			package = EB99F6BF207D4DDC9800C0DC /* XCRemoteSwiftPackageReference "KeyboardShortcuts" */;
			productName = KeyboardShortcuts;
		};
/* End XCSwiftPackageProductDependency section */
	};
	rootObject = 8349B2210BF8304EB656D87F /* Project object */;
}
